// !$*UTF8*$!
{
	archiveVersion = 1;
	classes = {
	};
	objectVersion = 55;
	objects = {

/* Begin PBXBuildFile section */
		6812233C2993A9BE006E32CF /* PostViewController.swift in Sources */ = {isa = PBXBuildFile; fileRef = 6812233B2993A9BE006E32CF /* PostViewController.swift */; };
		6812233E2993A9CE006E32CF /* Post.swift in Sources */ = {isa = PBXBuildFile; fileRef = 6812233D2993A9CE006E32CF /* Post.swift */; };
		6820BB9F299A3E0000302BD2 /* UsersViewController.swift in Sources */ = {isa = PBXBuildFile; fileRef = 6820BB9E299A3E0000302BD2 /* UsersViewController.swift */; };
		6820BBA1299A3E1200302BD2 /* ProductsViewController.swift in Sources */ = {isa = PBXBuildFile; fileRef = 6820BBA0299A3E1200302BD2 /* ProductsViewController.swift */; };
		6820BBA3299A402A00302BD2 /* Product.swift in Sources */ = {isa = PBXBuildFile; fileRef = 6820BBA2299A402A00302BD2 /* Product.swift */; };
		68A0EEFE299252070023511A /* AppDelegate.swift in Sources */ = {isa = PBXBuildFile; fileRef = 68A0EEFD299252070023511A /* AppDelegate.swift */; };
		68A0EF00299252070023511A /* SceneDelegate.swift in Sources */ = {isa = PBXBuildFile; fileRef = 68A0EEFF299252070023511A /* SceneDelegate.swift */; };
		68A0EF02299252070023511A /* ViewController.swift in Sources */ = {isa = PBXBuildFile; fileRef = 68A0EF01299252070023511A /* ViewController.swift */; };
		68A0EF05299252070023511A /* Main.storyboard in Resources */ = {isa = PBXBuildFile; fileRef = 68A0EF03299252070023511A /* Main.storyboard */; };
		68A0EF07299252090023511A /* Assets.xcassets in Resources */ = {isa = PBXBuildFile; fileRef = 68A0EF06299252090023511A /* Assets.xcassets */; };
		68A0EF0A299252090023511A /* LaunchScreen.storyboard in Resources */ = {isa = PBXBuildFile; fileRef = 68A0EF08299252090023511A /* LaunchScreen.storyboard */; };
/* End PBXBuildFile section */

/* Begin PBXFileReference section */
		6812233B2993A9BE006E32CF /* PostViewController.swift */ = {isa = PBXFileReference; lastKnownFileType = sourcecode.swift; path = PostViewController.swift; sourceTree = "<group>"; };
		6812233D2993A9CE006E32CF /* Post.swift */ = {isa = PBXFileReference; lastKnownFileType = sourcecode.swift; path = Post.swift; sourceTree = "<group>"; };
		6820BB9E299A3E0000302BD2 /* UsersViewController.swift */ = {isa = PBXFileReference; lastKnownFileType = sourcecode.swift; path = UsersViewController.swift; sourceTree = "<group>"; };
		6820BBA0299A3E1200302BD2 /* ProductsViewController.swift */ = {isa = PBXFileReference; lastKnownFileType = sourcecode.swift; path = ProductsViewController.swift; sourceTree = "<group>"; };
		6820BBA2299A402A00302BD2 /* Product.swift */ = {isa = PBXFileReference; lastKnownFileType = sourcecode.swift; path = Product.swift; sourceTree = "<group>"; };
		68A0EEFA299252070023511A /* 02_01_2023_DispatchQueueDemo.app */ = {isa = PBXFileReference; explicitFileType = wrapper.application; includeInIndex = 0; path = 02_01_2023_DispatchQueueDemo.app; sourceTree = BUILT_PRODUCTS_DIR; };
		68A0EEFD299252070023511A /* AppDelegate.swift */ = {isa = PBXFileReference; lastKnownFileType = sourcecode.swift; path = AppDelegate.swift; sourceTree = "<group>"; };
		68A0EEFF299252070023511A /* SceneDelegate.swift */ = {isa = PBXFileReference; lastKnownFileType = sourcecode.swift; path = SceneDelegate.swift; sourceTree = "<group>"; };
		68A0EF01299252070023511A /* ViewController.swift */ = {isa = PBXFileReference; lastKnownFileType = sourcecode.swift; path = ViewController.swift; sourceTree = "<group>"; };
		68A0EF04299252070023511A /* Base */ = {isa = PBXFileReference; lastKnownFileType = file.storyboard; name = Base; path = Base.lproj/Main.storyboard; sourceTree = "<group>"; };
		68A0EF06299252090023511A /* Assets.xcassets */ = {isa = PBXFileReference; lastKnownFileType = folder.assetcatalog; path = Assets.xcassets; sourceTree = "<group>"; };
		68A0EF09299252090023511A /* Base */ = {isa = PBXFileReference; lastKnownFileType = file.storyboard; name = Base; path = Base.lproj/LaunchScreen.storyboard; sourceTree = "<group>"; };
		68A0EF0B299252090023511A /* Info.plist */ = {isa = PBXFileReference; lastKnownFileType = text.plist.xml; path = Info.plist; sourceTree = "<group>"; };
/* End PBXFileReference section */

/* Begin PBXFrameworksBuildPhase section */
		68A0EEF7299252070023511A /* Frameworks */ = {
			isa = PBXFrameworksBuildPhase;
			buildActionMask = 2147483647;
			files = (
			);
			runOnlyForDeploymentPostprocessing = 0;
		};
/* End PBXFrameworksBuildPhase section */

/* Begin PBXGroup section */
		68A0EEF1299252060023511A = {
			isa = PBXGroup;
			children = (
				68A0EEFC299252070023511A /* 02_01_2023_DispatchQueueDemo */,
				68A0EEFB299252070023511A /* Products */,
			);
			sourceTree = "<group>";
		};
		68A0EEFB299252070023511A /* Products */ = {
			isa = PBXGroup;
			children = (
				68A0EEFA299252070023511A /* 02_01_2023_DispatchQueueDemo.app */,
			);
			name = Products;
			sourceTree = "<group>";
		};
		68A0EEFC299252070023511A /* 02_01_2023_DispatchQueueDemo */ = {
			isa = PBXGroup;
			children = (
				68A0EEFD299252070023511A /* AppDelegate.swift */,
				68A0EEFF299252070023511A /* SceneDelegate.swift */,
				68A0EF01299252070023511A /* ViewController.swift */,
				68A0EF03299252070023511A /* Main.storyboard */,
				68A0EF06299252090023511A /* Assets.xcassets */,
				68A0EF08299252090023511A /* LaunchScreen.storyboard */,
				68A0EF0B299252090023511A /* Info.plist */,
				6812233B2993A9BE006E32CF /* PostViewController.swift */,
				6812233D2993A9CE006E32CF /* Post.swift */,
				6820BB9E299A3E0000302BD2 /* UsersViewController.swift */,
				6820BBA0299A3E1200302BD2 /* ProductsViewController.swift */,
				6820BBA2299A402A00302BD2 /* Product.swift */,
			);
			path = 02_01_2023_DispatchQueueDemo;
			sourceTree = "<group>";
		};
/* End PBXGroup section */

/* Begin PBXNativeTarget section */
		68A0EEF9299252070023511A /* 02_01_2023_DispatchQueueDemo */ = {
			isa = PBXNativeTarget;
			buildConfigurationList = 68A0EF0E299252090023511A /* Build configuration list for PBXNativeTarget "02_01_2023_DispatchQueueDemo" */;
			buildPhases = (
				68A0EEF6299252070023511A /* Sources */,
				68A0EEF7299252070023511A /* Frameworks */,
				68A0EEF8299252070023511A /* Resources */,
			);
			buildRules = (
			);
			dependencies = (
			);
			name = 02_01_2023_DispatchQueueDemo;
			productName = 02_01_2023_DispatchQueueDemo;
			productReference = 68A0EEFA299252070023511A /* 02_01_2023_DispatchQueueDemo.app */;
			productType = "com.apple.product-type.application";
		};
/* End PBXNativeTarget section */

/* Begin PBXProject section */
		68A0EEF2299252060023511A /* Project object */ = {
			isa = PBXProject;
			attributes = {
				BuildIndependentTargetsInParallel = 1;
				LastSwiftUpdateCheck = 1400;
				LastUpgradeCheck = 1400;
				TargetAttributes = {
					68A0EEF9299252070023511A = {
						CreatedOnToolsVersion = 14.0;
					};
				};
			};
			buildConfigurationList = 68A0EEF5299252070023511A /* Build configuration list for PBXProject "02_01_2023_DispatchQueueDemo" */;
			compatibilityVersion = "Xcode 13.0";
			developmentRegion = en;
			hasScannedForEncodings = 0;
			knownRegions = (
				en,
				Base,
			);
			mainGroup = 68A0EEF1299252060023511A;
			productRefGroup = 68A0EEFB299252070023511A /* Products */;
			projectDirPath = "";
			projectRoot = "";
			targets = (
				68A0EEF9299252070023511A /* 02_01_2023_DispatchQueueDemo */,
			);
		};
/* End PBXProject section */

/* Begin PBXResourcesBuildPhase section */
		68A0EEF8299252070023511A /* Resources */ = {
			isa = PBXResourcesBuildPhase;
			buildActionMask = 2147483647;
			files = (
				68A0EF0A299252090023511A /* LaunchScreen.storyboard in Resources */,
				68A0EF07299252090023511A /* Assets.xcassets in Resources */,
				68A0EF05299252070023511A /* Main.storyboard in Resources */,
			);
			runOnlyForDeploymentPostprocessing = 0;
		};
/* End PBXResourcesBuildPhase section */

/* Begin PBXSourcesBuildPhase section */
		68A0EEF6299252070023511A /* Sources */ = {
			isa = PBXSourcesBuildPhase;
			buildActionMask = 2147483647;
			files = (
				6812233C2993A9BE006E32CF /* PostViewController.swift in Sources */,
				6820BBA3299A402A00302BD2 /* Product.swift in Sources */,
				6820BB9F299A3E0000302BD2 /* UsersViewController.swift in Sources */,
				6820BBA1299A3E1200302BD2 /* ProductsViewController.swift in Sources */,
				68A0EF02299252070023511A /* ViewController.swift in Sources */,
				68A0EEFE299252070023511A /* AppDelegate.swift in Sources */,
				68A0EF00299252070023511A /* SceneDelegate.swift in Sources */,
				6812233E2993A9CE006E32CF /* Post.swift in Sources */,
			);
			runOnlyForDeploymentPostprocessing = 0;
		};
/* End PBXSourcesBuildPhase section */

/* Begin PBXVariantGroup section */
		68A0EF03299252070023511A /* Main.storyboard */ = {
			isa = PBXVariantGroup;
			children = (
				68A0EF04299252070023511A /* Base */,
			);
			name = Main.storyboard;
			sourceTree = "<group>";
		};
		68A0EF08299252090023511A /* LaunchScreen.storyboard */ = {
			isa = PBXVariantGroup;
			children = (
				68A0EF09299252090023511A /* Base */,
			);
			name = LaunchScreen.storyboard;
			sourceTree = "<group>";
		};
/* End PBXVariantGroup section */

/* Begin XCBuildConfiguration section */
		68A0EF0C299252090023511A /* Debug */ = {
			isa = XCBuildConfiguration;
			buildSettings = {
				ALWAYS_SEARCH_USER_PATHS = NO;
				CLANG_ANALYZER_NONNULL = YES;
				CLANG_ANALYZER_NUMBER_OBJECT_CONVERSION = YES_AGGRESSIVE;
				CLANG_CXX_LANGUAGE_STANDARD = "gnu++20";
				CLANG_ENABLE_MODULES = YES;
				CLANG_ENABLE_OBJC_ARC = YES;
				CLANG_ENABLE_OBJC_WEAK = YES;
				CLANG_WARN_BLOCK_CAPTURE_AUTORELEASING = YES;
				CLANG_WARN_BOOL_CONVERSION = YES;
				CLANG_WARN_COMMA = YES;
				CLANG_WARN_CONSTANT_CONVERSION = YES;
				CLANG_WARN_DEPRECATED_OBJC_IMPLEMENTATIONS = YES;
				CLANG_WARN_DIRECT_OBJC_ISA_USAGE = YES_ERROR;
				CLANG_WARN_DOCUMENTATION_COMMENTS = YES;
				CLANG_WARN_EMPTY_BODY = YES;
				CLANG_WARN_ENUM_CONVERSION = YES;
				CLANG_WARN_INFINITE_RECURSION = YES;
				CLANG_WARN_INT_CONVERSION = YES;
				CLANG_WARN_NON_LITERAL_NULL_CONVERSION = YES;
				CLANG_WARN_OBJC_IMPLICIT_RETAIN_SELF = YES;
				CLANG_WARN_OBJC_LITERAL_CONVERSION = YES;
				CLANG_WARN_OBJC_ROOT_CLASS = YES_ERROR;
				CLANG_WARN_QUOTED_INCLUDE_IN_FRAMEWORK_HEADER = YES;
				CLANG_WARN_RANGE_LOOP_ANALYSIS = YES;
				CLANG_WARN_STRICT_PROTOTYPES = YES;
				CLANG_WARN_SUSPICIOUS_MOVE = YES;
				CLANG_WARN_UNGUARDED_AVAILABILITY = YES_AGGRESSIVE;
				CLANG_WARN_UNREACHABLE_CODE = YES;
				CLANG_WARN__DUPLICATE_METHOD_MATCH = YES;
				COPY_PHASE_STRIP = NO;
				DEBUG_INFORMATION_FORMAT = dwarf;
				ENABLE_STRICT_OBJC_MSGSEND = YES;
				ENABLE_TESTABILITY = YES;
				GCC_C_LANGUAGE_STANDARD = gnu11;
				GCC_DYNAMIC_NO_PIC = NO;
				GCC_NO_COMMON_BLOCKS = YES;
				GCC_OPTIMIZATION_LEVEL = 0;
				GCC_PREPROCESSOR_DEFINITIONS = (
					"DEBUG=1",
					"$(inherited)",
				);
				GCC_WARN_64_TO_32_BIT_CONVERSION = YES;
				GCC_WARN_ABOUT_RETURN_TYPE = YES_ERROR;
				GCC_WARN_UNDECLARED_SELECTOR = YES;
				GCC_WARN_UNINITIALIZED_AUTOS = YES_AGGRESSIVE;
				GCC_WARN_UNUSED_FUNCTION = YES;
				GCC_WARN_UNUSED_VARIABLE = YES;
				IPHONEOS_DEPLOYMENT_TARGET = 16.0;
				MTL_ENABLE_DEBUG_INFO = INCLUDE_SOURCE;
				MTL_FAST_MATH = YES;
				ONLY_ACTIVE_ARCH = YES;
				SDKROOT = iphoneos;
				SWIFT_ACTIVE_COMPILATION_CONDITIONS = DEBUG;
				SWIFT_OPTIMIZATION_LEVEL = "-Onone";
			};
			name = Debug;
		};
		68A0EF0D299252090023511A /* Release */ = {
			isa = XCBuildConfiguration;
			buildSettings = {
				ALWAYS_SEARCH_USER_PATHS = NO;
				CLANG_ANALYZER_NONNULL = YES;
				CLANG_ANALYZER_NUMBER_OBJECT_CONVERSION = YES_AGGRESSIVE;
				CLANG_CXX_LANGUAGE_STANDARD = "gnu++20";
				CLANG_ENABLE_MODULES = YES;
				CLANG_ENABLE_OBJC_ARC = YES;
				CLANG_ENABLE_OBJC_WEAK = YES;
				CLANG_WARN_BLOCK_CAPTURE_AUTORELEASING = YES;
				CLANG_WARN_BOOL_CONVERSION = YES;
				CLANG_WARN_COMMA = YES;
				CLANG_WARN_CONSTANT_CONVERSION = YES;
				CLANG_WARN_DEPRECATED_OBJC_IMPLEMENTATIONS = YES;
				CLANG_WARN_DIRECT_OBJC_ISA_USAGE = YES_ERROR;
				CLANG_WARN_DOCUMENTATION_COMMENTS = YES;
				CLANG_WARN_EMPTY_BODY = YES;
				CLANG_WARN_ENUM_CONVERSION = YES;
				CLANG_WARN_INFINITE_RECURSION = YES;
				CLANG_WARN_INT_CONVERSION = YES;
				CLANG_WARN_NON_LITERAL_NULL_CONVERSION = YES;
				CLANG_WARN_OBJC_IMPLICIT_RETAIN_SELF = YES;
				CLANG_WARN_OBJC_LITERAL_CONVERSION = YES;
				CLANG_WARN_OBJC_ROOT_CLASS = YES_ERROR;
				CLANG_WARN_QUOTED_INCLUDE_IN_FRAMEWORK_HEADER = YES;
				CLANG_WARN_RANGE_LOOP_ANALYSIS = YES;
				CLANG_WARN_STRICT_PROTOTYPES = YES;
				CLANG_WARN_SUSPICIOUS_MOVE = YES;
				CLANG_WARN_UNGUARDED_AVAILABILITY = YES_AGGRESSIVE;
				CLANG_WARN_UNREACHABLE_CODE = YES;
				CLANG_WARN__DUPLICATE_METHOD_MATCH = YES;
				COPY_PHASE_STRIP = NO;
				DEBUG_INFORMATION_FORMAT = "dwarf-with-dsym";
				ENABLE_NS_ASSERTIONS = NO;
				ENABLE_STRICT_OBJC_MSGSEND = YES;
				GCC_C_LANGUAGE_STANDARD = gnu11;
				GCC_NO_COMMON_BLOCKS = YES;
				GCC_WARN_64_TO_32_BIT_CONVERSION = YES;
				GCC_WARN_ABOUT_RETURN_TYPE = YES_ERROR;
				GCC_WARN_UNDECLARED_SELECTOR = YES;
				GCC_WARN_UNINITIALIZED_AUTOS = YES_AGGRESSIVE;
				GCC_WARN_UNUSED_FUNCTION = YES;
				GCC_WARN_UNUSED_VARIABLE = YES;
				IPHONEOS_DEPLOYMENT_TARGET = 16.0;
				MTL_ENABLE_DEBUG_INFO = NO;
				MTL_FAST_MATH = YES;
				SDKROOT = iphoneos;
				SWIFT_COMPILATION_MODE = wholemodule;
				SWIFT_OPTIMIZATION_LEVEL = "-O";
				VALIDATE_PRODUCT = YES;
			};
			name = Release;
		};
		68A0EF0F299252090023511A /* Debug */ = {
			isa = XCBuildConfiguration;
			buildSettings = {
				ASSETCATALOG_COMPILER_APPICON_NAME = AppIcon;
				ASSETCATALOG_COMPILER_GLOBAL_ACCENT_COLOR_NAME = AccentColor;
				CODE_SIGN_STYLE = Automatic;
				CURRENT_PROJECT_VERSION = 1;
				DEVELOPMENT_TEAM = V8WE74Y3MG;
				GENERATE_INFOPLIST_FILE = YES;
				INFOPLIST_FILE = 02_01_2023_DispatchQueueDemo/Info.plist;
				INFOPLIST_KEY_UIApplicationSupportsIndirectInputEvents = YES;
				INFOPLIST_KEY_UILaunchStoryboardName = LaunchScreen;
				INFOPLIST_KEY_UIMainStoryboardFile = Main;
				INFOPLIST_KEY_UISupportedInterfaceOrientations_iPad = "UIInterfaceOrientationPortrait UIInterfaceOrientationPortraitUpsideDown UIInterfaceOrientationLandscapeLeft UIInterfaceOrientationLandscapeRight";
				INFOPLIST_KEY_UISupportedInterfaceOrientations_iPhone = "UIInterfaceOrientationPortrait UIInterfaceOrientationLandscapeLeft UIInterfaceOrientationLandscapeRight";
				LD_RUNPATH_SEARCH_PATHS = (
					"$(inherited)",
					"@executable_path/Frameworks",
				);
				MARKETING_VERSION = 1.0;
				PRODUCT_BUNDLE_IDENTIFIER = "in.bitcode.-2-01-2023-DispatchQueueDemo";
				PRODUCT_NAME = "$(TARGET_NAME)";
				SWIFT_EMIT_LOC_STRINGS = YES;
				SWIFT_VERSION = 5.0;
				TARGETED_DEVICE_FAMILY = "1,2";
			};
			name = Debug;
		};
		68A0EF10299252090023511A /* Release */ = {
			isa = XCBuildConfiguration;
			buildSettings = {
				ASSETCATALOG_COMPILER_APPICON_NAME = AppIcon;
				ASSETCATALOG_COMPILER_GLOBAL_ACCENT_COLOR_NAME = AccentColor;
				CODE_SIGN_STYLE = Automatic;
				CURRENT_PROJECT_VERSION = 1;
				DEVELOPMENT_TEAM = V8WE74Y3MG;
				GENERATE_INFOPLIST_FILE = YES;
				INFOPLIST_FILE = 02_01_2023_DispatchQueueDemo/Info.plist;
				INFOPLIST_KEY_UIApplicationSupportsIndirectInputEvents = YES;
				INFOPLIST_KEY_UILaunchStoryboardName = LaunchScreen;
				INFOPLIST_KEY_UIMainStoryboardFile = Main;
				INFOPLIST_KEY_UISupportedInterfaceOrientations_iPad = "UIInterfaceOrientationPortrait UIInterfaceOrientationPortraitUpsideDown UIInterfaceOrientationLandscapeLeft UIInterfaceOrientationLandscapeRight";
				INFOPLIST_KEY_UISupportedInterfaceOrientations_iPhone = "UIInterfaceOrientationPortrait UIInterfaceOrientationLandscapeLeft UIInterfaceOrientationLandscapeRight";
				LD_RUNPATH_SEARCH_PATHS = (
					"$(inherited)",
					"@executable_path/Frameworks",
				);
				MARKETING_VERSION = 1.0;
				PRODUCT_BUNDLE_IDENTIFIER = "in.bitcode.-2-01-2023-DispatchQueueDemo";
				PRODUCT_NAME = "$(TARGET_NAME)";
				SWIFT_EMIT_LOC_STRINGS = YES;
				SWIFT_VERSION = 5.0;
				TARGETED_DEVICE_FAMILY = "1,2";
			};
			name = Release;
		};
/* End XCBuildConfiguration section */

/* Begin XCConfigurationList section */
		68A0EEF5299252070023511A /* Build configuration list for PBXProject "02_01_2023_DispatchQueueDemo" */ = {
			isa = XCConfigurationList;
			buildConfigurations = (
				68A0EF0C299252090023511A /* Debug */,
				68A0EF0D299252090023511A /* Release */,
			);
			defaultConfigurationIsVisible = 0;
			defaultConfigurationName = Release;
		};
		68A0EF0E299252090023511A /* Build configuration list for PBXNativeTarget "02_01_2023_DispatchQueueDemo" */ = {
			isa = XCConfigurationList;
			buildConfigurations = (
				68A0EF0F299252090023511A /* Debug */,
				68A0EF10299252090023511A /* Release */,
			);
			defaultConfigurationIsVisible = 0;
			defaultConfigurationName = Release;
		};
/* End XCConfigurationList section */
	};
	rootObject = 68A0EEF2299252060023511A /* Project object */;
}
